
Microsoft Visual Studio Solution File, Format Version 12.00
# Visual Studio Version 16
VisualStudioVersion = 16.0.31025.194
MinimumVisualStudioVersion = 10.0.40219.1
Project("{9A19103F-16F7-4668-BE54-9A1E7A4F7556}") = "Gamemode", "Gamemode.csproj", "{4162A344-9675-4053-A745-A1DFDFDA203A}"
EndProject
Project("{2150E333-8FDC-42A3-9474-1A3956D46DE8}") = "Solution Items", "Solution Items", "{E52123C3-3DF2-44F2-A90B-C8387221B9DA}"
	ProjectSection(SolutionItems) = preProject
		.editorconfig = .editorconfig
		nlog.config = nlog.config
	EndProjectSection
EndProject
Global
	GlobalSection(SolutionConfigurationPlatforms) = preSolution
		Debug|Any CPU = Debug|Any CPU
		Release|Any CPU = Release|Any CPU
	EndGlobalSection
	GlobalSection(ProjectConfigurationPlatforms) = postSolution
		{4162A344-9675-4053-A745-A1DFDFDA203A}.Debug|Any CPU.ActiveCfg = Debug|Any CPU
		{4162A344-9675-4053-A745-A1DFDFDA203A}.Debug|Any CPU.Build.0 = Debug|Any CPU
		{4162A344-9675-4053-A745-A1DFDFDA203A}.Release|Any CPU.ActiveCfg = Release|Any CPU
		{4162A344-9675-4053-A745-A1DFDFDA203A}.Release|Any CPU.Build.0 = Release|Any CPU
	EndGlobalSection
	GlobalSection(SolutionProperties) = preSolution
		HideSolutionNode = FALSE
	EndGlobalSection
	GlobalSection(ExtensibilityGlobals) = postSolution
		SolutionGuid = {FC4FFE5E-ACFD-4AFE-859E-4EDADA055640}
	EndGlobalSection
EndGlobal
