
Microsoft Visual Studio Solution File, Format Version 12.00
# Visual Studio Version 16
VisualStudioVersion = 16.0.31205.134
MinimumVisualStudioVersion = 10.0.40219.1
Project("{FAE04EC0-301F-11D3-BF4B-00C04F79EFBC}") = "Gamemode", "Gamemode.csproj", "{92FDC64E-0B99-45E5-ACC8-03CB8792AA32}"
EndProject
Global
	GlobalSection(SolutionConfigurationPlatforms) = preSolution
		Debug|Any CPU = Debug|Any CPU
		Release|Any CPU = Release|Any CPU
	EndGlobalSection
	GlobalSection(ProjectConfigurationPlatforms) = postSolution
		{92FDC64E-0B99-45E5-ACC8-03CB8792AA32}.Debug|Any CPU.ActiveCfg = Debug|Any CPU
		{92FDC64E-0B99-45E5-ACC8-03CB8792AA32}.Debug|Any CPU.Build.0 = Debug|Any CPU
		{92FDC64E-0B99-45E5-ACC8-03CB8792AA32}.Release|Any CPU.ActiveCfg = Release|Any CPU
		{92FDC64E-0B99-45E5-ACC8-03CB8792AA32}.Release|Any CPU.Build.0 = Release|Any CPU
	EndGlobalSection
	GlobalSection(SolutionProperties) = preSolution
		HideSolutionNode = FALSE
	EndGlobalSection
	GlobalSection(ExtensibilityGlobals) = postSolution
		SolutionGuid = {BFF17884-0951-412F-9C45-65285FF2F704}
	EndGlobalSection
EndGlobal
